
Microsoft Visual Studio Solution File, Format Version 12.00
# Visual Studio Version 16
VisualStudioVersion = 16.0.31729.503
MinimumVisualStudioVersion = 10.0.40219.1
Project("{FAE04EC0-301F-11D3-BF4B-00C04F79EFBC}") = "Tarea_3Parcial_EliezerIzaguirre.Android", "Tarea_3Parcial_EliezerIzaguirre\Tarea_3Parcial_EliezerIzaguirre.Android\Tarea_3Parcial_EliezerIzaguirre.Android.csproj", "{C97508EB-0353-4FC8-A8D5-9BE70FA94281}"
EndProject
Project("{FAE04EC0-301F-11D3-BF4B-00C04F79EFBC}") = "Tarea_3Parcial_EliezerIzaguirre", "Tarea_3Parcial_EliezerIzaguirre\Tarea_3Parcial_EliezerIzaguirre\Tarea_3Parcial_EliezerIzaguirre.csproj", "{29C655DA-CE27-45F9-8BA0-1A7B07FE9CD9}"
EndProject
Global
	GlobalSection(SolutionConfigurationPlatforms) = preSolution
		Debug|Any CPU = Debug|Any CPU
		Release|Any CPU = Release|Any CPU
	EndGlobalSection
	GlobalSection(ProjectConfigurationPlatforms) = postSolution
		{C97508EB-0353-4FC8-A8D5-9BE70FA94281}.Debug|Any CPU.ActiveCfg = Debug|Any CPU
		{C97508EB-0353-4FC8-A8D5-9BE70FA94281}.Debug|Any CPU.Build.0 = Debug|Any CPU
		{C97508EB-0353-4FC8-A8D5-9BE70FA94281}.Debug|Any CPU.Deploy.0 = Debug|Any CPU
		{C97508EB-0353-4FC8-A8D5-9BE70FA94281}.Release|Any CPU.ActiveCfg = Release|Any CPU
		{C97508EB-0353-4FC8-A8D5-9BE70FA94281}.Release|Any CPU.Build.0 = Release|Any CPU
		{C97508EB-0353-4FC8-A8D5-9BE70FA94281}.Release|Any CPU.Deploy.0 = Release|Any CPU
		{29C655DA-CE27-45F9-8BA0-1A7B07FE9CD9}.Debug|Any CPU.ActiveCfg = Debug|Any CPU
		{29C655DA-CE27-45F9-8BA0-1A7B07FE9CD9}.Debug|Any CPU.Build.0 = Debug|Any CPU
		{29C655DA-CE27-45F9-8BA0-1A7B07FE9CD9}.Debug|Any CPU.Deploy.0 = Debug|Any CPU
		{29C655DA-CE27-45F9-8BA0-1A7B07FE9CD9}.Release|Any CPU.ActiveCfg = Release|Any CPU
		{29C655DA-CE27-45F9-8BA0-1A7B07FE9CD9}.Release|Any CPU.Build.0 = Release|Any CPU
		{29C655DA-CE27-45F9-8BA0-1A7B07FE9CD9}.Release|Any CPU.Deploy.0 = Release|Any CPU
	EndGlobalSection
	GlobalSection(SolutionProperties) = preSolution
		HideSolutionNode = FALSE
	EndGlobalSection
	GlobalSection(ExtensibilityGlobals) = postSolution
		SolutionGuid = {0336C9C9-EB3C-4BAC-8CC5-23FD7A18D89F}
	EndGlobalSection
EndGlobal
